// !$*UTF8*$!
{
	archiveVersion = 1;
	classes = {
	};
	objectVersion = 46;
	objects = {

/* Begin PBXBuildFile section */
		844CE27D18AF5733004E8893 /* boomerang1.jpg in Resources */ = {isa = PBXBuildFile; fileRef = 844CE27C18AF5733004E8893 /* boomerang1.jpg */; };
		9316D28F18AF0200001F1646 /* FacebookSDK.framework in Frameworks */ = {isa = PBXBuildFile; fileRef = 9316D28E18AF0200001F1646 /* FacebookSDK.framework */; };
		DDED554A18AEF2A300E6E843 /* Foundation.framework in Frameworks */ = {isa = PBXBuildFile; fileRef = DDED554918AEF2A300E6E843 /* Foundation.framework */; };
		DDED554C18AEF2A300E6E843 /* CoreGraphics.framework in Frameworks */ = {isa = PBXBuildFile; fileRef = DDED554B18AEF2A300E6E843 /* CoreGraphics.framework */; };
		DDED554E18AEF2A300E6E843 /* UIKit.framework in Frameworks */ = {isa = PBXBuildFile; fileRef = DDED554D18AEF2A300E6E843 /* UIKit.framework */; };
		DDED555418AEF2A300E6E843 /* InfoPlist.strings in Resources */ = {isa = PBXBuildFile; fileRef = DDED555218AEF2A300E6E843 /* InfoPlist.strings */; };
		DDED555618AEF2A300E6E843 /* main.m in Sources */ = {isa = PBXBuildFile; fileRef = DDED555518AEF2A300E6E843 /* main.m */; };
		DDED555A18AEF2A300E6E843 /* MASAppDelegate.m in Sources */ = {isa = PBXBuildFile; fileRef = DDED555918AEF2A300E6E843 /* MASAppDelegate.m */; };
		DDED556318AEF2A300E6E843 /* XCTest.framework in Frameworks */ = {isa = PBXBuildFile; fileRef = DDED556218AEF2A300E6E843 /* XCTest.framework */; };
		DDED556418AEF2A300E6E843 /* Foundation.framework in Frameworks */ = {isa = PBXBuildFile; fileRef = DDED554918AEF2A300E6E843 /* Foundation.framework */; };
		DDED556518AEF2A300E6E843 /* UIKit.framework in Frameworks */ = {isa = PBXBuildFile; fileRef = DDED554D18AEF2A300E6E843 /* UIKit.framework */; };
		DDED556D18AEF2A300E6E843 /* InfoPlist.strings in Resources */ = {isa = PBXBuildFile; fileRef = DDED556B18AEF2A300E6E843 /* InfoPlist.strings */; };
		DDED556F18AEF2A300E6E843 /* ClickStandTests.m in Sources */ = {isa = PBXBuildFile; fileRef = DDED556E18AEF2A300E6E843 /* ClickStandTests.m */; };
		DDED557E18AF0D2700E6E843 /* Parse.framework in Frameworks */ = {isa = PBXBuildFile; fileRef = 9316D28C18AEFDBC001F1646 /* Parse.framework */; };
		DDED558018AF0E1600E6E843 /* Security.framework in Frameworks */ = {isa = PBXBuildFile; fileRef = DDED557F18AF0E1600E6E843 /* Security.framework */; };
		DDED558218AF0E5E00E6E843 /* AudioToolbox.framework in Frameworks */ = {isa = PBXBuildFile; fileRef = DDED558118AF0E5E00E6E843 /* AudioToolbox.framework */; };
		DDED558418AF0E6600E6E843 /* CFNetwork.framework in Frameworks */ = {isa = PBXBuildFile; fileRef = DDED558318AF0E6600E6E843 /* CFNetwork.framework */; };
		DDED558618AF0E7900E6E843 /* CoreLocation.framework in Frameworks */ = {isa = PBXBuildFile; fileRef = DDED558518AF0E7900E6E843 /* CoreLocation.framework */; };
		DDED558818AF0E8400E6E843 /* libz.1.1.3.dylib in Frameworks */ = {isa = PBXBuildFile; fileRef = DDED558718AF0E8400E6E843 /* libz.1.1.3.dylib */; };
		DDED558A18AF0E8E00E6E843 /* MobileCoreServices.framework in Frameworks */ = {isa = PBXBuildFile; fileRef = DDED558918AF0E8E00E6E843 /* MobileCoreServices.framework */; };
		DDED558C18AF0E9800E6E843 /* QuartzCore.framework in Frameworks */ = {isa = PBXBuildFile; fileRef = DDED558B18AF0E9800E6E843 /* QuartzCore.framework */; };
		DDED558E18AF0EA300E6E843 /* StoreKit.framework in Frameworks */ = {isa = PBXBuildFile; fileRef = DDED558D18AF0EA300E6E843 /* StoreKit.framework */; };
		DDED559018AF0EB300E6E843 /* SystemConfiguration.framework in Frameworks */ = {isa = PBXBuildFile; fileRef = DDED558F18AF0EB300E6E843 /* SystemConfiguration.framework */; };
		DDED559518AF14F600E6E843 /* MASLoginViewController.m in Sources */ = {isa = PBXBuildFile; fileRef = DDED559418AF14F600E6E843 /* MASLoginViewController.m */; };
		DDED559918AF166000E6E843 /* MASHomeViewController.m in Sources */ = {isa = PBXBuildFile; fileRef = DDED559818AF166000E6E843 /* MASHomeViewController.m */; };
		DDED559B18AF1F2600E6E843 /* MASLoginViewController.xib in Resources */ = {isa = PBXBuildFile; fileRef = DDED559A18AF1F2600E6E843 /* MASLoginViewController.xib */; };
		DDED55A418AF2BCF00E6E843 /* facebook-highlighted@2x.png in Resources */ = {isa = PBXBuildFile; fileRef = DDED55A218AF2BCF00E6E843 /* facebook-highlighted@2x.png */; };
		DDED55A518AF2BCF00E6E843 /* facebook@2x.png in Resources */ = {isa = PBXBuildFile; fileRef = DDED55A318AF2BCF00E6E843 /* facebook@2x.png */; };
		DDED55AA18AF376000E6E843 /* MASFullPostViewController.m in Sources */ = {isa = PBXBuildFile; fileRef = DDED55A818AF376000E6E843 /* MASFullPostViewController.m */; };
		DDED55AB18AF376000E6E843 /* MASFullPostViewController.xib in Resources */ = {isa = PBXBuildFile; fileRef = DDED55A918AF376000E6E843 /* MASFullPostViewController.xib */; };
		DDED55B018AF377500E6E843 /* MASFeedViewController.m in Sources */ = {isa = PBXBuildFile; fileRef = DDED55AE18AF377500E6E843 /* MASFeedViewController.m */; };
		DDED55B118AF377500E6E843 /* MASFeedViewController.xib in Resources */ = {isa = PBXBuildFile; fileRef = DDED55AF18AF377500E6E843 /* MASFeedViewController.xib */; };
		DDED55B618AF37B000E6E843 /* MASFeedCell.m in Sources */ = {isa = PBXBuildFile; fileRef = DDED55B418AF37B000E6E843 /* MASFeedCell.m */; };
		DDED55B718AF37B000E6E843 /* MASFeedCell.xib in Resources */ = {isa = PBXBuildFile; fileRef = DDED55B518AF37B000E6E843 /* MASFeedCell.xib */; };
		DDED55B918AF3FDF00E6E843 /* twitter-highlighted@2x.png in Resources */ = {isa = PBXBuildFile; fileRef = DDED55B818AF3FDF00E6E843 /* twitter-highlighted@2x.png */; };
		DDED55BB18AF3FF500E6E843 /* twitter@2x.png in Resources */ = {isa = PBXBuildFile; fileRef = DDED55BA18AF3FF500E6E843 /* twitter@2x.png */; };
		DDED55BE18AF409900E6E843 /* Default-568h@2x.png in Resources */ = {isa = PBXBuildFile; fileRef = DDED55BD18AF409900E6E843 /* Default-568h@2x.png */; };
/* End PBXBuildFile section */

/* Begin PBXContainerItemProxy section */
		DDED556618AEF2A300E6E843 /* PBXContainerItemProxy */ = {
			isa = PBXContainerItemProxy;
			containerPortal = DDED553E18AEF2A200E6E843 /* Project object */;
			proxyType = 1;
			remoteGlobalIDString = DDED554518AEF2A200E6E843;
			remoteInfo = ClickStand;
		};
/* End PBXContainerItemProxy section */

/* Begin PBXFileReference section */
		844CE27C18AF5733004E8893 /* boomerang1.jpg */ = {isa = PBXFileReference; lastKnownFileType = image.jpeg; path = boomerang1.jpg; sourceTree = "<group>"; };
		9316D28C18AEFDBC001F1646 /* Parse.framework */ = {isa = PBXFileReference; lastKnownFileType = wrapper.framework; path = Parse.framework; sourceTree = SOURCE_ROOT; };
		9316D28E18AF0200001F1646 /* FacebookSDK.framework */ = {isa = PBXFileReference; lastKnownFileType = wrapper.framework; path = FacebookSDK.framework; sourceTree = "<group>"; };
		DDED554618AEF2A300E6E843 /* ClickStand.app */ = {isa = PBXFileReference; explicitFileType = wrapper.application; includeInIndex = 0; path = ClickStand.app; sourceTree = BUILT_PRODUCTS_DIR; };
		DDED554918AEF2A300E6E843 /* Foundation.framework */ = {isa = PBXFileReference; lastKnownFileType = wrapper.framework; name = Foundation.framework; path = System/Library/Frameworks/Foundation.framework; sourceTree = SDKROOT; };
		DDED554B18AEF2A300E6E843 /* CoreGraphics.framework */ = {isa = PBXFileReference; lastKnownFileType = wrapper.framework; name = CoreGraphics.framework; path = System/Library/Frameworks/CoreGraphics.framework; sourceTree = SDKROOT; };
		DDED554D18AEF2A300E6E843 /* UIKit.framework */ = {isa = PBXFileReference; lastKnownFileType = wrapper.framework; name = UIKit.framework; path = System/Library/Frameworks/UIKit.framework; sourceTree = SDKROOT; };
		DDED555118AEF2A300E6E843 /* ClickStand-Info.plist */ = {isa = PBXFileReference; lastKnownFileType = text.plist.xml; path = "ClickStand-Info.plist"; sourceTree = "<group>"; };
		DDED555318AEF2A300E6E843 /* en */ = {isa = PBXFileReference; lastKnownFileType = text.plist.strings; name = en; path = en.lproj/InfoPlist.strings; sourceTree = "<group>"; };
		DDED555518AEF2A300E6E843 /* main.m */ = {isa = PBXFileReference; lastKnownFileType = sourcecode.c.objc; path = main.m; sourceTree = "<group>"; };
		DDED555718AEF2A300E6E843 /* ClickStand-Prefix.pch */ = {isa = PBXFileReference; lastKnownFileType = sourcecode.c.h; path = "ClickStand-Prefix.pch"; sourceTree = "<group>"; };
		DDED555818AEF2A300E6E843 /* MASAppDelegate.h */ = {isa = PBXFileReference; lastKnownFileType = sourcecode.c.h; path = MASAppDelegate.h; sourceTree = "<group>"; };
		DDED555918AEF2A300E6E843 /* MASAppDelegate.m */ = {isa = PBXFileReference; lastKnownFileType = sourcecode.c.objc; path = MASAppDelegate.m; sourceTree = "<group>"; };
		DDED556118AEF2A300E6E843 /* ClickStandTests.xctest */ = {isa = PBXFileReference; explicitFileType = wrapper.cfbundle; includeInIndex = 0; path = ClickStandTests.xctest; sourceTree = BUILT_PRODUCTS_DIR; };
		DDED556218AEF2A300E6E843 /* XCTest.framework */ = {isa = PBXFileReference; lastKnownFileType = wrapper.framework; name = XCTest.framework; path = Library/Frameworks/XCTest.framework; sourceTree = DEVELOPER_DIR; };
		DDED556A18AEF2A300E6E843 /* ClickStandTests-Info.plist */ = {isa = PBXFileReference; lastKnownFileType = text.plist.xml; path = "ClickStandTests-Info.plist"; sourceTree = "<group>"; };
		DDED556C18AEF2A300E6E843 /* en */ = {isa = PBXFileReference; lastKnownFileType = text.plist.strings; name = en; path = en.lproj/InfoPlist.strings; sourceTree = "<group>"; };
		DDED556E18AEF2A300E6E843 /* ClickStandTests.m */ = {isa = PBXFileReference; lastKnownFileType = sourcecode.c.objc; path = ClickStandTests.m; sourceTree = "<group>"; };
		DDED557F18AF0E1600E6E843 /* Security.framework */ = {isa = PBXFileReference; lastKnownFileType = wrapper.framework; name = Security.framework; path = System/Library/Frameworks/Security.framework; sourceTree = SDKROOT; };
		DDED558118AF0E5E00E6E843 /* AudioToolbox.framework */ = {isa = PBXFileReference; lastKnownFileType = wrapper.framework; name = AudioToolbox.framework; path = System/Library/Frameworks/AudioToolbox.framework; sourceTree = SDKROOT; };
		DDED558318AF0E6600E6E843 /* CFNetwork.framework */ = {isa = PBXFileReference; lastKnownFileType = wrapper.framework; name = CFNetwork.framework; path = System/Library/Frameworks/CFNetwork.framework; sourceTree = SDKROOT; };
		DDED558518AF0E7900E6E843 /* CoreLocation.framework */ = {isa = PBXFileReference; lastKnownFileType = wrapper.framework; name = CoreLocation.framework; path = System/Library/Frameworks/CoreLocation.framework; sourceTree = SDKROOT; };
		DDED558718AF0E8400E6E843 /* libz.1.1.3.dylib */ = {isa = PBXFileReference; lastKnownFileType = "compiled.mach-o.dylib"; name = libz.1.1.3.dylib; path = usr/lib/libz.1.1.3.dylib; sourceTree = SDKROOT; };
		DDED558918AF0E8E00E6E843 /* MobileCoreServices.framework */ = {isa = PBXFileReference; lastKnownFileType = wrapper.framework; name = MobileCoreServices.framework; path = System/Library/Frameworks/MobileCoreServices.framework; sourceTree = SDKROOT; };
		DDED558B18AF0E9800E6E843 /* QuartzCore.framework */ = {isa = PBXFileReference; lastKnownFileType = wrapper.framework; name = QuartzCore.framework; path = System/Library/Frameworks/QuartzCore.framework; sourceTree = SDKROOT; };
		DDED558D18AF0EA300E6E843 /* StoreKit.framework */ = {isa = PBXFileReference; lastKnownFileType = wrapper.framework; name = StoreKit.framework; path = System/Library/Frameworks/StoreKit.framework; sourceTree = SDKROOT; };
		DDED558F18AF0EB300E6E843 /* SystemConfiguration.framework */ = {isa = PBXFileReference; lastKnownFileType = wrapper.framework; name = SystemConfiguration.framework; path = System/Library/Frameworks/SystemConfiguration.framework; sourceTree = SDKROOT; };
		DDED559318AF14F600E6E843 /* MASLoginViewController.h */ = {isa = PBXFileReference; fileEncoding = 4; lastKnownFileType = sourcecode.c.h; name = MASLoginViewController.h; path = Classes/ViewControllers/MASLoginViewController/MASLoginViewController.h; sourceTree = "<group>"; };
		DDED559418AF14F600E6E843 /* MASLoginViewController.m */ = {isa = PBXFileReference; fileEncoding = 4; lastKnownFileType = sourcecode.c.objc; name = MASLoginViewController.m; path = Classes/ViewControllers/MASLoginViewController/MASLoginViewController.m; sourceTree = "<group>"; };
		DDED559718AF166000E6E843 /* MASHomeViewController.h */ = {isa = PBXFileReference; fileEncoding = 4; lastKnownFileType = sourcecode.c.h; name = MASHomeViewController.h; path = Classes/ViewControllers/MASHomeViewController/MASHomeViewController.h; sourceTree = "<group>"; };
		DDED559818AF166000E6E843 /* MASHomeViewController.m */ = {isa = PBXFileReference; fileEncoding = 4; lastKnownFileType = sourcecode.c.objc; name = MASHomeViewController.m; path = Classes/ViewControllers/MASHomeViewController/MASHomeViewController.m; sourceTree = "<group>"; };
		DDED559A18AF1F2600E6E843 /* MASLoginViewController.xib */ = {isa = PBXFileReference; fileEncoding = 4; lastKnownFileType = file.xib; name = MASLoginViewController.xib; path = Classes/ViewControllers/MASLoginViewController/MASLoginViewController.xib; sourceTree = "<group>"; };
		DDED55A218AF2BCF00E6E843 /* facebook-highlighted@2x.png */ = {isa = PBXFileReference; lastKnownFileType = image.png; name = "facebook-highlighted@2x.png"; path = "Assets/Images/facebook-highlighted@2x.png"; sourceTree = "<group>"; };
		DDED55A318AF2BCF00E6E843 /* facebook@2x.png */ = {isa = PBXFileReference; lastKnownFileType = image.png; name = "facebook@2x.png"; path = "Assets/Images/facebook@2x.png"; sourceTree = "<group>"; };
		DDED55A718AF376000E6E843 /* MASFullPostViewController.h */ = {isa = PBXFileReference; fileEncoding = 4; lastKnownFileType = sourcecode.c.h; name = MASFullPostViewController.h; path = Classes/ViewControllers/MASFullPostViewController/MASFullPostViewController.h; sourceTree = "<group>"; };
		DDED55A818AF376000E6E843 /* MASFullPostViewController.m */ = {isa = PBXFileReference; fileEncoding = 4; lastKnownFileType = sourcecode.c.objc; name = MASFullPostViewController.m; path = Classes/ViewControllers/MASFullPostViewController/MASFullPostViewController.m; sourceTree = "<group>"; };
		DDED55A918AF376000E6E843 /* MASFullPostViewController.xib */ = {isa = PBXFileReference; fileEncoding = 4; lastKnownFileType = file.xib; name = MASFullPostViewController.xib; path = Classes/ViewControllers/MASFullPostViewController/MASFullPostViewController.xib; sourceTree = "<group>"; };
		DDED55AD18AF377500E6E843 /* MASFeedViewController.h */ = {isa = PBXFileReference; fileEncoding = 4; lastKnownFileType = sourcecode.c.h; name = MASFeedViewController.h; path = Classes/ViewControllers/MASFeedViewController/MASFeedViewController.h; sourceTree = "<group>"; };
		DDED55AE18AF377500E6E843 /* MASFeedViewController.m */ = {isa = PBXFileReference; fileEncoding = 4; lastKnownFileType = sourcecode.c.objc; name = MASFeedViewController.m; path = Classes/ViewControllers/MASFeedViewController/MASFeedViewController.m; sourceTree = "<group>"; };
		DDED55AF18AF377500E6E843 /* MASFeedViewController.xib */ = {isa = PBXFileReference; fileEncoding = 4; lastKnownFileType = file.xib; name = MASFeedViewController.xib; path = Classes/ViewControllers/MASFeedViewController/MASFeedViewController.xib; sourceTree = "<group>"; };
		DDED55B318AF37B000E6E843 /* MASFeedCell.h */ = {isa = PBXFileReference; fileEncoding = 4; lastKnownFileType = sourcecode.c.h; name = MASFeedCell.h; path = Classes/Views/MASFeedCell/MASFeedCell.h; sourceTree = "<group>"; };
		DDED55B418AF37B000E6E843 /* MASFeedCell.m */ = {isa = PBXFileReference; fileEncoding = 4; lastKnownFileType = sourcecode.c.objc; name = MASFeedCell.m; path = Classes/Views/MASFeedCell/MASFeedCell.m; sourceTree = "<group>"; };
		DDED55B518AF37B000E6E843 /* MASFeedCell.xib */ = {isa = PBXFileReference; fileEncoding = 4; lastKnownFileType = file.xib; name = MASFeedCell.xib; path = Classes/Views/MASFeedCell/MASFeedCell.xib; sourceTree = "<group>"; };
		DDED55B818AF3FDF00E6E843 /* twitter-highlighted@2x.png */ = {isa = PBXFileReference; lastKnownFileType = image.png; name = "twitter-highlighted@2x.png"; path = "Assets/Images/twitter-highlighted@2x.png"; sourceTree = "<group>"; };
		DDED55BA18AF3FF500E6E843 /* twitter@2x.png */ = {isa = PBXFileReference; lastKnownFileType = image.png; name = "twitter@2x.png"; path = "Assets/Images/twitter@2x.png"; sourceTree = "<group>"; };
		DDED55BD18AF409900E6E843 /* Default-568h@2x.png */ = {isa = PBXFileReference; lastKnownFileType = image.png; name = "Default-568h@2x.png"; path = "Assets/Images/Default-568h@2x.png"; sourceTree = "<group>"; };
/* End PBXFileReference section */

/* Begin PBXFrameworksBuildPhase section */
		DDED554318AEF2A200E6E843 /* Frameworks */ = {
			isa = PBXFrameworksBuildPhase;
			buildActionMask = 2147483647;
			files = (
				DDED559018AF0EB300E6E843 /* SystemConfiguration.framework in Frameworks */,
				DDED558E18AF0EA300E6E843 /* StoreKit.framework in Frameworks */,
				DDED558C18AF0E9800E6E843 /* QuartzCore.framework in Frameworks */,
				DDED558A18AF0E8E00E6E843 /* MobileCoreServices.framework in Frameworks */,
				DDED558818AF0E8400E6E843 /* libz.1.1.3.dylib in Frameworks */,
				DDED558618AF0E7900E6E843 /* CoreLocation.framework in Frameworks */,
				DDED558418AF0E6600E6E843 /* CFNetwork.framework in Frameworks */,
				DDED558218AF0E5E00E6E843 /* AudioToolbox.framework in Frameworks */,
				DDED558018AF0E1600E6E843 /* Security.framework in Frameworks */,
				DDED554C18AEF2A300E6E843 /* CoreGraphics.framework in Frameworks */,
				9316D28F18AF0200001F1646 /* FacebookSDK.framework in Frameworks */,
				DDED557E18AF0D2700E6E843 /* Parse.framework in Frameworks */,
				DDED554E18AEF2A300E6E843 /* UIKit.framework in Frameworks */,
				DDED554A18AEF2A300E6E843 /* Foundation.framework in Frameworks */,
			);
			runOnlyForDeploymentPostprocessing = 0;
		};
		DDED555E18AEF2A300E6E843 /* Frameworks */ = {
			isa = PBXFrameworksBuildPhase;
			buildActionMask = 2147483647;
			files = (
				DDED556318AEF2A300E6E843 /* XCTest.framework in Frameworks */,
				DDED556518AEF2A300E6E843 /* UIKit.framework in Frameworks */,
				DDED556418AEF2A300E6E843 /* Foundation.framework in Frameworks */,
			);
			runOnlyForDeploymentPostprocessing = 0;
		};
/* End PBXFrameworksBuildPhase section */

/* Begin PBXGroup section */
		DDED553D18AEF2A200E6E843 = {
			isa = PBXGroup;
			children = (
				DDED554F18AEF2A300E6E843 /* ClickStand */,
				DDED556818AEF2A300E6E843 /* ClickStandTests */,
				DDED554818AEF2A300E6E843 /* Frameworks */,
				DDED554718AEF2A300E6E843 /* Products */,
			);
			sourceTree = "<group>";
		};
		DDED554718AEF2A300E6E843 /* Products */ = {
			isa = PBXGroup;
			children = (
				DDED554618AEF2A300E6E843 /* ClickStand.app */,
				DDED556118AEF2A300E6E843 /* ClickStandTests.xctest */,
			);
			name = Products;
			sourceTree = "<group>";
		};
		DDED554818AEF2A300E6E843 /* Frameworks */ = {
			isa = PBXGroup;
			children = (
				DDED558F18AF0EB300E6E843 /* SystemConfiguration.framework */,
				DDED558D18AF0EA300E6E843 /* StoreKit.framework */,
				DDED558B18AF0E9800E6E843 /* QuartzCore.framework */,
				DDED558918AF0E8E00E6E843 /* MobileCoreServices.framework */,
				DDED558718AF0E8400E6E843 /* libz.1.1.3.dylib */,
				DDED558518AF0E7900E6E843 /* CoreLocation.framework */,
				DDED558318AF0E6600E6E843 /* CFNetwork.framework */,
				DDED558118AF0E5E00E6E843 /* AudioToolbox.framework */,
				DDED557F18AF0E1600E6E843 /* Security.framework */,
				9316D28E18AF0200001F1646 /* FacebookSDK.framework */,
				9316D28C18AEFDBC001F1646 /* Parse.framework */,
				DDED554918AEF2A300E6E843 /* Foundation.framework */,
				DDED554B18AEF2A300E6E843 /* CoreGraphics.framework */,
				DDED554D18AEF2A300E6E843 /* UIKit.framework */,
				DDED556218AEF2A300E6E843 /* XCTest.framework */,
			);
			name = Frameworks;
			sourceTree = "<group>";
		};
		DDED554F18AEF2A300E6E843 /* ClickStand */ = {
			isa = PBXGroup;
			children = (
				DDED559C18AF243A00E6E843 /* Assets */,
				DDED557818AEF2F900E6E843 /* Classes */,
				DDED555018AEF2A300E6E843 /* Supporting Files */,
			);
			path = ClickStand;
			sourceTree = "<group>";
		};
		DDED555018AEF2A300E6E843 /* Supporting Files */ = {
			isa = PBXGroup;
			children = (
				844CE27C18AF5733004E8893 /* boomerang1.jpg */,
				DDED555118AEF2A300E6E843 /* ClickStand-Info.plist */,
				DDED555218AEF2A300E6E843 /* InfoPlist.strings */,
				DDED555518AEF2A300E6E843 /* main.m */,
				DDED555718AEF2A300E6E843 /* ClickStand-Prefix.pch */,
			);
			name = "Supporting Files";
			sourceTree = "<group>";
		};
		DDED556818AEF2A300E6E843 /* ClickStandTests */ = {
			isa = PBXGroup;
			children = (
				DDED556E18AEF2A300E6E843 /* ClickStandTests.m */,
				DDED556918AEF2A300E6E843 /* Supporting Files */,
			);
			path = ClickStandTests;
			sourceTree = "<group>";
		};
		DDED556918AEF2A300E6E843 /* Supporting Files */ = {
			isa = PBXGroup;
			children = (
				DDED556A18AEF2A300E6E843 /* ClickStandTests-Info.plist */,
				DDED556B18AEF2A300E6E843 /* InfoPlist.strings */,
			);
			name = "Supporting Files";
			sourceTree = "<group>";
		};
		DDED557818AEF2F900E6E843 /* Classes */ = {
			isa = PBXGroup;
			children = (
				DDED557918AEF2FE00E6E843 /* AppDelegate */,
				DDED557C18AEF30C00E6E843 /* Model */,
				DDED557A18AEF30400E6E843 /* Views */,
				DDED557B18AEF30800E6E843 /* ViewControllers */,
			);
			name = Classes;
			sourceTree = "<group>";
		};
		DDED557918AEF2FE00E6E843 /* AppDelegate */ = {
			isa = PBXGroup;
			children = (
				DDED555818AEF2A300E6E843 /* MASAppDelegate.h */,
				DDED555918AEF2A300E6E843 /* MASAppDelegate.m */,
			);
			name = AppDelegate;
			sourceTree = "<group>";
		};
		DDED557A18AEF30400E6E843 /* Views */ = {
			isa = PBXGroup;
			children = (
				DDED55B218AF379000E6E843 /* MASFeedCell */,
			);
			name = Views;
			sourceTree = "<group>";
		};
		DDED557B18AEF30800E6E843 /* ViewControllers */ = {
			isa = PBXGroup;
			children = (
				DDED55AC18AF376900E6E843 /* MASFeedViewController */,
				DDED55A618AF374E00E6E843 /* MASFullPostViewController */,
				DDED559618AF163300E6E843 /* MASHomeViewController */,
				DDED559218AF14BB00E6E843 /* MASLoginViewController */,
			);
			name = ViewControllers;
			sourceTree = "<group>";
		};
		DDED557C18AEF30C00E6E843 /* Model */ = {
			isa = PBXGroup;
			children = (
			);
			name = Model;
			sourceTree = "<group>";
		};
		DDED559218AF14BB00E6E843 /* MASLoginViewController */ = {
			isa = PBXGroup;
			children = (
				DDED559318AF14F600E6E843 /* MASLoginViewController.h */,
				DDED559418AF14F600E6E843 /* MASLoginViewController.m */,
				DDED559A18AF1F2600E6E843 /* MASLoginViewController.xib */,
			);
			name = MASLoginViewController;
			sourceTree = "<group>";
		};
		DDED559618AF163300E6E843 /* MASHomeViewController */ = {
			isa = PBXGroup;
			children = (
				DDED559718AF166000E6E843 /* MASHomeViewController.h */,
				DDED559818AF166000E6E843 /* MASHomeViewController.m */,
			);
			name = MASHomeViewController;
			sourceTree = "<group>";
		};
		DDED559C18AF243A00E6E843 /* Assets */ = {
			isa = PBXGroup;
			children = (
				DDED559D18AF244300E6E843 /* Images */,
			);
			name = Assets;
			sourceTree = "<group>";
		};
		DDED559D18AF244300E6E843 /* Images */ = {
			isa = PBXGroup;
			children = (
				DDED55BD18AF409900E6E843 /* Default-568h@2x.png */,
				DDED55BA18AF3FF500E6E843 /* twitter@2x.png */,
				DDED55B818AF3FDF00E6E843 /* twitter-highlighted@2x.png */,
				DDED55A218AF2BCF00E6E843 /* facebook-highlighted@2x.png */,
				DDED55A318AF2BCF00E6E843 /* facebook@2x.png */,
			);
			name = Images;
			sourceTree = "<group>";
		};
		DDED55A618AF374E00E6E843 /* MASFullPostViewController */ = {
			isa = PBXGroup;
			children = (
				DDED55A718AF376000E6E843 /* MASFullPostViewController.h */,
				DDED55A818AF376000E6E843 /* MASFullPostViewController.m */,
				DDED55A918AF376000E6E843 /* MASFullPostViewController.xib */,
			);
			name = MASFullPostViewController;
			sourceTree = "<group>";
		};
		DDED55AC18AF376900E6E843 /* MASFeedViewController */ = {
			isa = PBXGroup;
			children = (
				DDED55AD18AF377500E6E843 /* MASFeedViewController.h */,
				DDED55AE18AF377500E6E843 /* MASFeedViewController.m */,
				DDED55AF18AF377500E6E843 /* MASFeedViewController.xib */,
			);
			name = MASFeedViewController;
			sourceTree = "<group>";
		};
		DDED55B218AF379000E6E843 /* MASFeedCell */ = {
			isa = PBXGroup;
			children = (
				DDED55B318AF37B000E6E843 /* MASFeedCell.h */,
				DDED55B418AF37B000E6E843 /* MASFeedCell.m */,
				DDED55B518AF37B000E6E843 /* MASFeedCell.xib */,
			);
			name = MASFeedCell;
			sourceTree = "<group>";
		};
/* End PBXGroup section */

/* Begin PBXNativeTarget section */
		DDED554518AEF2A200E6E843 /* ClickStand */ = {
			isa = PBXNativeTarget;
			buildConfigurationList = DDED557218AEF2A300E6E843 /* Build configuration list for PBXNativeTarget "ClickStand" */;
			buildPhases = (
				DDED554218AEF2A200E6E843 /* Sources */,
				DDED554318AEF2A200E6E843 /* Frameworks */,
				DDED554418AEF2A200E6E843 /* Resources */,
			);
			buildRules = (
			);
			dependencies = (
			);
			name = ClickStand;
			productName = ClickStand;
			productReference = DDED554618AEF2A300E6E843 /* ClickStand.app */;
			productType = "com.apple.product-type.application";
		};
		DDED556018AEF2A300E6E843 /* ClickStandTests */ = {
			isa = PBXNativeTarget;
			buildConfigurationList = DDED557518AEF2A300E6E843 /* Build configuration list for PBXNativeTarget "ClickStandTests" */;
			buildPhases = (
				DDED555D18AEF2A300E6E843 /* Sources */,
				DDED555E18AEF2A300E6E843 /* Frameworks */,
				DDED555F18AEF2A300E6E843 /* Resources */,
			);
			buildRules = (
			);
			dependencies = (
				DDED556718AEF2A300E6E843 /* PBXTargetDependency */,
			);
			name = ClickStandTests;
			productName = ClickStandTests;
			productReference = DDED556118AEF2A300E6E843 /* ClickStandTests.xctest */;
			productType = "com.apple.product-type.bundle.unit-test";
		};
/* End PBXNativeTarget section */

/* Begin PBXProject section */
		DDED553E18AEF2A200E6E843 /* Project object */ = {
			isa = PBXProject;
			attributes = {
				CLASSPREFIX = MAS;
				LastUpgradeCheck = 0500;
				ORGANIZATIONNAME = "Comyar Zaheri";
				TargetAttributes = {
					DDED556018AEF2A300E6E843 = {
						TestTargetID = DDED554518AEF2A200E6E843;
					};
				};
			};
			buildConfigurationList = DDED554118AEF2A200E6E843 /* Build configuration list for PBXProject "ClickStand" */;
			compatibilityVersion = "Xcode 3.2";
			developmentRegion = English;
			hasScannedForEncodings = 0;
			knownRegions = (
				en,
			);
			mainGroup = DDED553D18AEF2A200E6E843;
			productRefGroup = DDED554718AEF2A300E6E843 /* Products */;
			projectDirPath = "";
			projectRoot = "";
			targets = (
				DDED554518AEF2A200E6E843 /* ClickStand */,
				DDED556018AEF2A300E6E843 /* ClickStandTests */,
			);
		};
/* End PBXProject section */

/* Begin PBXResourcesBuildPhase section */
		DDED554418AEF2A200E6E843 /* Resources */ = {
			isa = PBXResourcesBuildPhase;
			buildActionMask = 2147483647;
			files = (
				DDED55A518AF2BCF00E6E843 /* facebook@2x.png in Resources */,
				DDED55A418AF2BCF00E6E843 /* facebook-highlighted@2x.png in Resources */,
				DDED55BB18AF3FF500E6E843 /* twitter@2x.png in Resources */,
				DDED55BE18AF409900E6E843 /* Default-568h@2x.png in Resources */,
				DDED559B18AF1F2600E6E843 /* MASLoginViewController.xib in Resources */,
				DDED55B918AF3FDF00E6E843 /* twitter-highlighted@2x.png in Resources */,
				DDED55B118AF377500E6E843 /* MASFeedViewController.xib in Resources */,
				DDED55B718AF37B000E6E843 /* MASFeedCell.xib in Resources */,
				844CE27D18AF5733004E8893 /* boomerang1.jpg in Resources */,
				DDED555418AEF2A300E6E843 /* InfoPlist.strings in Resources */,
				DDED55AB18AF376000E6E843 /* MASFullPostViewController.xib in Resources */,
			);
			runOnlyForDeploymentPostprocessing = 0;
		};
		DDED555F18AEF2A300E6E843 /* Resources */ = {
			isa = PBXResourcesBuildPhase;
			buildActionMask = 2147483647;
			files = (
				DDED556D18AEF2A300E6E843 /* InfoPlist.strings in Resources */,
			);
			runOnlyForDeploymentPostprocessing = 0;
		};
/* End PBXResourcesBuildPhase section */

/* Begin PBXSourcesBuildPhase section */
		DDED554218AEF2A200E6E843 /* Sources */ = {
			isa = PBXSourcesBuildPhase;
			buildActionMask = 2147483647;
			files = (
				DDED55B018AF377500E6E843 /* MASFeedViewController.m in Sources */,
				DDED559518AF14F600E6E843 /* MASLoginViewController.m in Sources */,
				DDED555A18AEF2A300E6E843 /* MASAppDelegate.m in Sources */,
				DDED55AA18AF376000E6E843 /* MASFullPostViewController.m in Sources */,
				DDED55B618AF37B000E6E843 /* MASFeedCell.m in Sources */,
				DDED555618AEF2A300E6E843 /* main.m in Sources */,
				DDED559918AF166000E6E843 /* MASHomeViewController.m in Sources */,
			);
			runOnlyForDeploymentPostprocessing = 0;
		};
		DDED555D18AEF2A300E6E843 /* Sources */ = {
			isa = PBXSourcesBuildPhase;
			buildActionMask = 2147483647;
			files = (
				DDED556F18AEF2A300E6E843 /* ClickStandTests.m in Sources */,
			);
			runOnlyForDeploymentPostprocessing = 0;
		};
/* End PBXSourcesBuildPhase section */

/* Begin PBXTargetDependency section */
		DDED556718AEF2A300E6E843 /* PBXTargetDependency */ = {
			isa = PBXTargetDependency;
			target = DDED554518AEF2A200E6E843 /* ClickStand */;
			targetProxy = DDED556618AEF2A300E6E843 /* PBXContainerItemProxy */;
		};
/* End PBXTargetDependency section */

/* Begin PBXVariantGroup section */
		DDED555218AEF2A300E6E843 /* InfoPlist.strings */ = {
			isa = PBXVariantGroup;
			children = (
				DDED555318AEF2A300E6E843 /* en */,
			);
			name = InfoPlist.strings;
			sourceTree = "<group>";
		};
		DDED556B18AEF2A300E6E843 /* InfoPlist.strings */ = {
			isa = PBXVariantGroup;
			children = (
				DDED556C18AEF2A300E6E843 /* en */,
			);
			name = InfoPlist.strings;
			sourceTree = "<group>";
		};
/* End PBXVariantGroup section */

/* Begin XCBuildConfiguration section */
		DDED557018AEF2A300E6E843 /* Debug */ = {
			isa = XCBuildConfiguration;
			buildSettings = {
				ALWAYS_SEARCH_USER_PATHS = YES;
				ARCHS = "$(ARCHS_STANDARD_INCLUDING_64_BIT)";
				CLANG_CXX_LANGUAGE_STANDARD = "gnu++0x";
				CLANG_CXX_LIBRARY = "libc++";
				CLANG_ENABLE_MODULES = YES;
				CLANG_ENABLE_OBJC_ARC = YES;
				CLANG_WARN_BOOL_CONVERSION = YES;
				CLANG_WARN_CONSTANT_CONVERSION = YES;
				CLANG_WARN_DIRECT_OBJC_ISA_USAGE = YES_ERROR;
				CLANG_WARN_EMPTY_BODY = YES;
				CLANG_WARN_ENUM_CONVERSION = YES;
				CLANG_WARN_INT_CONVERSION = YES;
				CLANG_WARN_OBJC_ROOT_CLASS = YES_ERROR;
				CLANG_WARN__DUPLICATE_METHOD_MATCH = YES;
				"CODE_SIGN_IDENTITY[sdk=iphoneos*]" = "iPhone Developer";
				COPY_PHASE_STRIP = NO;
				GCC_C_LANGUAGE_STANDARD = gnu99;
				GCC_DYNAMIC_NO_PIC = NO;
				GCC_OPTIMIZATION_LEVEL = 0;
				GCC_PREPROCESSOR_DEFINITIONS = (
					"DEBUG=1",
					"$(inherited)",
				);
				GCC_SYMBOLS_PRIVATE_EXTERN = NO;
				GCC_WARN_64_TO_32_BIT_CONVERSION = YES;
				GCC_WARN_ABOUT_RETURN_TYPE = YES_ERROR;
				GCC_WARN_UNDECLARED_SELECTOR = YES;
				GCC_WARN_UNINITIALIZED_AUTOS = YES;
				GCC_WARN_UNUSED_FUNCTION = YES;
				GCC_WARN_UNUSED_VARIABLE = YES;
				IPHONEOS_DEPLOYMENT_TARGET = 7.0;
				ONLY_ACTIVE_ARCH = YES;
				SDKROOT = iphoneos;
			};
			name = Debug;
		};
		DDED557118AEF2A300E6E843 /* Release */ = {
			isa = XCBuildConfiguration;
			buildSettings = {
				ALWAYS_SEARCH_USER_PATHS = YES;
				ARCHS = "$(ARCHS_STANDARD_INCLUDING_64_BIT)";
				CLANG_CXX_LANGUAGE_STANDARD = "gnu++0x";
				CLANG_CXX_LIBRARY = "libc++";
				CLANG_ENABLE_MODULES = YES;
				CLANG_ENABLE_OBJC_ARC = YES;
				CLANG_WARN_BOOL_CONVERSION = YES;
				CLANG_WARN_CONSTANT_CONVERSION = YES;
				CLANG_WARN_DIRECT_OBJC_ISA_USAGE = YES_ERROR;
				CLANG_WARN_EMPTY_BODY = YES;
				CLANG_WARN_ENUM_CONVERSION = YES;
				CLANG_WARN_INT_CONVERSION = YES;
				CLANG_WARN_OBJC_ROOT_CLASS = YES_ERROR;
				CLANG_WARN__DUPLICATE_METHOD_MATCH = YES;
				"CODE_SIGN_IDENTITY[sdk=iphoneos*]" = "iPhone Developer";
				COPY_PHASE_STRIP = YES;
				ENABLE_NS_ASSERTIONS = NO;
				GCC_C_LANGUAGE_STANDARD = gnu99;
				GCC_WARN_64_TO_32_BIT_CONVERSION = YES;
				GCC_WARN_ABOUT_RETURN_TYPE = YES_ERROR;
				GCC_WARN_UNDECLARED_SELECTOR = YES;
				GCC_WARN_UNINITIALIZED_AUTOS = YES;
				GCC_WARN_UNUSED_FUNCTION = YES;
				GCC_WARN_UNUSED_VARIABLE = YES;
				IPHONEOS_DEPLOYMENT_TARGET = 7.0;
				SDKROOT = iphoneos;
				VALIDATE_PRODUCT = YES;
			};
			name = Release;
		};
		DDED557318AEF2A300E6E843 /* Debug */ = {
			isa = XCBuildConfiguration;
			buildSettings = {
				ALWAYS_SEARCH_USER_PATHS = YES;
				ASSETCATALOG_COMPILER_APPICON_NAME = AppIcon;
				ASSETCATALOG_COMPILER_LAUNCHIMAGE_NAME = LaunchImage;
				FRAMEWORK_SEARCH_PATHS = (
					/Users/Comyar/Dropbox/Development/clickstand/iOS/ClickStand,
					/Users/matthewebeweber/Documents/clickstand/iOS/ClickStand,
					/Users/admin/PennApps/clickstand/iOS/ClickStand,
					/Users/ninalu/clickstand/iOS/ClickStand,
				);
				GCC_PRECOMPILE_PREFIX_HEADER = YES;
				GCC_PREFIX_HEADER = "ClickStand/ClickStand-Prefix.pch";
				INFOPLIST_FILE = "ClickStand/ClickStand-Info.plist";
				PRODUCT_NAME = "$(TARGET_NAME)";
				WRAPPER_EXTENSION = app;
			};
			name = Debug;
		};
		DDED557418AEF2A300E6E843 /* Release */ = {
			isa = XCBuildConfiguration;
			buildSettings = {
				ALWAYS_SEARCH_USER_PATHS = YES;
				ASSETCATALOG_COMPILER_APPICON_NAME = AppIcon;
				ASSETCATALOG_COMPILER_LAUNCHIMAGE_NAME = LaunchImage;
				FRAMEWORK_SEARCH_PATHS = (
					/Users/Comyar/Dropbox/Development/clickstand/iOS/ClickStand,
					/Users/matthewebeweber/Documents/clickstand/iOS/ClickStand,
					/Users/admin/PennApps/clickstand/iOS/ClickStand,
					/Users/ninalu/clickstand/iOS/ClickStand,
				);
				GCC_PRECOMPILE_PREFIX_HEADER = YES;
				GCC_PREFIX_HEADER = "ClickStand/ClickStand-Prefix.pch";
				INFOPLIST_FILE = "ClickStand/ClickStand-Info.plist";
				PRODUCT_NAME = "$(TARGET_NAME)";
				WRAPPER_EXTENSION = app;
			};
			name = Release;
		};
		DDED557618AEF2A300E6E843 /* Debug */ = {
			isa = XCBuildConfiguration;
			buildSettings = {
				ARCHS = "$(ARCHS_STANDARD_INCLUDING_64_BIT)";
				BUNDLE_LOADER = "$(BUILT_PRODUCTS_DIR)/ClickStand.app/ClickStand";
				FRAMEWORK_SEARCH_PATHS = (
					"$(SDKROOT)/Developer/Library/Frameworks",
					"$(inherited)",
					"$(DEVELOPER_FRAMEWORKS_DIR)",
				);
				GCC_PRECOMPILE_PREFIX_HEADER = YES;
				GCC_PREFIX_HEADER = "ClickStand/ClickStand-Prefix.pch";
				GCC_PREPROCESSOR_DEFINITIONS = (
					"DEBUG=1",
					"$(inherited)",
				);
				INFOPLIST_FILE = "ClickStandTests/ClickStandTests-Info.plist";
				PRODUCT_NAME = "$(TARGET_NAME)";
				TEST_HOST = "$(BUNDLE_LOADER)";
				WRAPPER_EXTENSION = xctest;
			};
			name = Debug;
		};
		DDED557718AEF2A300E6E843 /* Release */ = {
			isa = XCBuildConfiguration;
			buildSettings = {
				ARCHS = "$(ARCHS_STANDARD_INCLUDING_64_BIT)";
				BUNDLE_LOADER = "$(BUILT_PRODUCTS_DIR)/ClickStand.app/ClickStand";
				FRAMEWORK_SEARCH_PATHS = (
					"$(SDKROOT)/Developer/Library/Frameworks",
					"$(inherited)",
					"$(DEVELOPER_FRAMEWORKS_DIR)",
				);
				GCC_PRECOMPILE_PREFIX_HEADER = YES;
				GCC_PREFIX_HEADER = "ClickStand/ClickStand-Prefix.pch";
				INFOPLIST_FILE = "ClickStandTests/ClickStandTests-Info.plist";
				PRODUCT_NAME = "$(TARGET_NAME)";
				TEST_HOST = "$(BUNDLE_LOADER)";
				WRAPPER_EXTENSION = xctest;
			};
			name = Release;
		};
/* End XCBuildConfiguration section */

/* Begin XCConfigurationList section */
		DDED554118AEF2A200E6E843 /* Build configuration list for PBXProject "ClickStand" */ = {
			isa = XCConfigurationList;
			buildConfigurations = (
				DDED557018AEF2A300E6E843 /* Debug */,
				DDED557118AEF2A300E6E843 /* Release */,
			);
			defaultConfigurationIsVisible = 0;
			defaultConfigurationName = Release;
		};
		DDED557218AEF2A300E6E843 /* Build configuration list for PBXNativeTarget "ClickStand" */ = {
			isa = XCConfigurationList;
			buildConfigurations = (
				DDED557318AEF2A300E6E843 /* Debug */,
				DDED557418AEF2A300E6E843 /* Release */,
			);
			defaultConfigurationIsVisible = 0;
			defaultConfigurationName = Release;
		};
		DDED557518AEF2A300E6E843 /* Build configuration list for PBXNativeTarget "ClickStandTests" */ = {
			isa = XCConfigurationList;
			buildConfigurations = (
				DDED557618AEF2A300E6E843 /* Debug */,
				DDED557718AEF2A300E6E843 /* Release */,
			);
			defaultConfigurationIsVisible = 0;
			defaultConfigurationName = Release;
		};
/* End XCConfigurationList section */
	};
	rootObject = DDED553E18AEF2A200E6E843 /* Project object */;
}
